# generated by rye
# use `rye lock` or `rye sync` to update this lockfile
#
# last locked with the following flags:
#   pre: false
#   features: []
#   all-features: false
#   with-sources: false
#   generate-hashes: false

-e file:.
aiohttp==3.9.5
    # via aiohttp-requests
    # via discord-py
aiohttp-requests==0.2.3
    # via sizebot
aiosignal==1.3.1
    # via aiohttp
annotated-types==0.7.0
    # via pydantic
appdirs==1.4.4
    # via sizebot
arrow==1.3.0
    # via sizebot
asyncstdlib==3.12.1
    # via sizebot
attrs==23.2.0
    # via aiohttp
    # via jsonschema
    # via referencing
blinker==1.8.2
    # via flask
brotli==1.1.0
    # via aiohttp
certifi==2024.2.2
    # via requests
cffi==1.16.0
    # via pynacl
charset-normalizer==3.3.2
    # via requests
click==8.1.7
    # via flask
colorama==0.4.6
    # via click
    # via tqdm
colored==1.4.2
    # via digiformatter
    # via sizebot
coworker==2.0.1
    # via aiohttp-requests
digiformatter==0.5.7.2
    # via sizebot
discord-py==2.3.2
    # via sizebot
flask==3.0.2
    # via sizebot
frozenlist==1.4.1
    # via aiohttp
    # via aiosignal
idna==3.7
    # via requests
    # via yarl
inflect==7.0.0
    # via sizebot
itsdangerous==2.1.2
    # via flask
    # via sizebot
jinja2==3.1.3
    # via flask
    # via sizebot
jsonschema==4.22.0
    # via validator-collection
jsonschema-specifications==2023.12.1
    # via jsonschema
markupsafe==2.1.5
    # via jinja2
    # via werkzeug
multidict==6.0.5
    # via aiohttp
    # via yarl
ndjson==0.3.1
    # via sizebot
numexpr==2.9.0
    # via sizebot
numpy==1.26.4
    # via numexpr
    # via sizebot
packaging==24.0
    # via sizebot
pillow==10.2.0
    # via sizebot
pycparser==2.22
    # via cffi
pydantic==2.7.1
    # via inflect
pydantic-core==2.18.2
    # via pydantic
pynacl==1.5.0
    # via sizebot
python-dateutil==2.9.0.post0
    # via arrow
    # via sizebot
pytz==2024.1
    # via sizebot
referencing==0.35.1
    # via jsonschema
    # via jsonschema-specifications
requests==2.31.0
    # via sizebot
rpds-py==0.18.1
    # via jsonschema
    # via referencing
six==1.16.0
    # via python-dateutil
sizeroyale==1.0.5
    # via sizebot
toml==0.10.2
    # via sizebot
tqdm==4.66.2
    # via sizebot
types-python-dateutil==2.9.0.20240316
    # via arrow
typing-extensions==4.12.0
    # via inflect
    # via pydantic
    # via pydantic-core
urllib3==2.2.1
    # via requests
validator-collection==1.5.0
    # via sizebot
werkzeug==3.0.1
    # via flask
    # via sizebot
yarl==1.9.4
    # via aiohttp
